
Microsoft Visual Studio Solution File, Format Version 12.00
# Visual Studio 2013
VisualStudioVersion = 12.0.31101.0
MinimumVisualStudioVersion = 10.0.40219.1
Project("{FAE04EC0-301F-11D3-BF4B-00C04F79EFBC}") = "GenericDAL", "GenericDAL\GenericDAL.csproj", "{432174D3-61D0-4EEC-BB3C-CC04D1CDF84B}"
EndProject
Project("{FAE04EC0-301F-11D3-BF4B-00C04F79EFBC}") = "GenericDAL.UnitTesting", "UnitTest\GenericDAL.UnitTesting.csproj", "{B822192B-7F1C-432A-A6B5-7FFAAF3C828F}"
EndProject
Global
	GlobalSection(SolutionConfigurationPlatforms) = preSolution
		Debug|Any CPU = Debug|Any CPU
		Release|Any CPU = Release|Any CPU
	EndGlobalSection
	GlobalSection(ProjectConfigurationPlatforms) = postSolution
		{432174D3-61D0-4EEC-BB3C-CC04D1CDF84B}.Debug|Any CPU.ActiveCfg = Debug|Any CPU
		{432174D3-61D0-4EEC-BB3C-CC04D1CDF84B}.Debug|Any CPU.Build.0 = Debug|Any CPU
		{432174D3-61D0-4EEC-BB3C-CC04D1CDF84B}.Release|Any CPU.ActiveCfg = Release|Any CPU
		{432174D3-61D0-4EEC-BB3C-CC04D1CDF84B}.Release|Any CPU.Build.0 = Release|Any CPU
		{B822192B-7F1C-432A-A6B5-7FFAAF3C828F}.Debug|Any CPU.ActiveCfg = Debug|Any CPU
		{B822192B-7F1C-432A-A6B5-7FFAAF3C828F}.Debug|Any CPU.Build.0 = Debug|Any CPU
		{B822192B-7F1C-432A-A6B5-7FFAAF3C828F}.Release|Any CPU.ActiveCfg = Release|Any CPU
		{B822192B-7F1C-432A-A6B5-7FFAAF3C828F}.Release|Any CPU.Build.0 = Release|Any CPU
	EndGlobalSection
	GlobalSection(SolutionProperties) = preSolution
		HideSolutionNode = FALSE
	EndGlobalSection
EndGlobal
